Microsoft Visual Studio Solution File, Format Version 12.00
# Visual Studio Version 17
VisualStudioVersion = 17.5.2.0
MinimumVisualStudioVersion = 10.0.40219.1
Project("{FAE04EC0-301F-11D3-BF4B-00C04F79EFBC}") = "BizimNetWebAPI", "BizimNetWebAPI.csproj", "{FD9C18F6-4E31-CA50-50D8-667714228706}"
EndProject
Global
	GlobalSection(SolutionConfigurationPlatforms) = preSolution
		Debug|Any CPU = Debug|Any CPU
		Release|Any CPU = Release|Any CPU
	EndGlobalSection
	GlobalSection(ProjectConfigurationPlatforms) = postSolution
		{FD9C18F6-4E31-CA50-50D8-667714228706}.Debug|Any CPU.ActiveCfg = Debug|Any CPU
		{FD9C18F6-4E31-CA50-50D8-667714228706}.Debug|Any CPU.Build.0 = Debug|Any CPU
		{FD9C18F6-4E31-CA50-50D8-667714228706}.Release|Any CPU.ActiveCfg = Release|Any CPU
		{FD9C18F6-4E31-CA50-50D8-667714228706}.Release|Any CPU.Build.0 = Release|Any CPU
	EndGlobalSection
	GlobalSection(SolutionProperties) = preSolution
		HideSolutionNode = FALSE
	EndGlobalSection
	GlobalSection(ExtensibilityGlobals) = postSolution
		SolutionGuid = {F22253EF-D5AC-4251-BC17-8BA0A54DF0C5}
	EndGlobalSection
EndGlobal
